PODS:
  - AMPopTip (1.5.0)
  - PINCache (3.0.1-beta.4):
    - PINCache/Arc-exception-safe (= 3.0.1-beta.4)
    - PINCache/Core (= 3.0.1-beta.4)
  - PINCache/Arc-exception-safe (3.0.1-beta.4):
    - PINCache/Core
  - PINCache/Core (3.0.1-beta.4):
    - PINOperation (= 1.0.3)
  - PINOperation (1.0.3)
  - PINRemoteImage/Core (3.0.0-beta.9):
    - PINOperation
  - PINRemoteImage/iOS (3.0.0-beta.9):
    - PINRemoteImage/Core
  - PINRemoteImage/PINCache (3.0.0-beta.9):
    - PINCache (= 3.0.1-beta.4)
    - PINRemoteImage/Core
  - pop (1.0.9)
  - SCRecorder (2.7.0)
  - Texture (2.3):
    - Texture/PINRemoteImage (= 2.3)
  - Texture/Core (2.3)
  - Texture/PINRemoteImage (2.3):
    - PINRemoteImage/iOS (= 3.0.0-beta.9)
    - PINRemoteImage/PINCache
    - Texture/Core

DEPENDENCIES:
  - AMPopTip
  - pop (~> 1.0)
  - SCRecorder
  - Texture

SPEC CHECKSUMS:
  AMPopTip: 09421f68a0e27824740b86ad7f02eb6c1b9da53d
  PINCache: a89c8f609232afac77128557bd12c861844423d7
  PINOperation: ac23db44796d4a564ecf9b5ea7163510f579b71d
  PINRemoteImage: e4e02e15a6f96cedbcef2abf1c9c1228dc9897d7
  pop: f667631a5108a2e60d9e8797c9b32ddaf2080bce
  SCRecorder: bbb521dbc222908876ec9cd9156bbc8a893bed44
  Texture: de523401d6c296e63249021246a95bf7f90b3d9c

PODFILE CHECKSUM: 7d4a78f9ead6877fe2fe20ded6a99262196871a8

COCOAPODS: 1.1.1
